name: Verify Journey Mixed Operation Project Lock

on:
  push:
    paths:
      - "src/components/studio/mentor/JourneyProgressionExecutionRuntime.js"
      - "src/components/studio/mentor/JourneyRecommendationAcceptanceExecutionRuntime.js"
      - "src/components/studio/mentor/JourneyProgressionProjectLock.js"
      - "scripts/verify-journey-mixed-operation-project-lock.mjs"
      - ".github/workflows/verify-journey-mixed-operation-project-lock.yml"
  pull_request:
    paths:
      - "src/components/studio/mentor/JourneyProgressionExecutionRuntime.js"
      - "src/components/studio/mentor/JourneyRecommendationAcceptanceExecutionRuntime.js"
      - "src/components/studio/mentor/JourneyProgressionProjectLock.js"
      - "scripts/verify-journey-mixed-operation-project-lock.mjs"
      - ".github/workflows/verify-journey-mixed-operation-project-lock.yml"

jobs:
  mixed-operation-project-lock:
    runs-on: ubuntu-latest
    steps:
      - name: Checkout
        uses: actions/checkout@v4
      - name: Use Node 20
        uses: actions/setup-node@v4
        with:
          node-version: 20
      - name: Torture mixed recommendation operation serialization
        run: node scripts/verify-journey-mixed-operation-project-lock.mjs
